
Microsoft Visual Studio Solution File, Format Version 12.00
# Visual Studio 14
VisualStudioVersion = 14.0.24720.0
MinimumVisualStudioVersion = 10.0.40219.1
Project("{FAE04EC0-301F-11D3-BF4B-00C04F79EFBC}") = "T9_E2", "T9_E2\T9_E2.csproj", "{FC799924-1D20-4238-B090-ADC30E29399E}"
EndProject
Global
	GlobalSection(SolutionConfigurationPlatforms) = preSolution
		Debug|Any CPU = Debug|Any CPU
		Release|Any CPU = Release|Any CPU
	EndGlobalSection
	GlobalSection(ProjectConfigurationPlatforms) = postSolution
		{FC799924-1D20-4238-B090-ADC30E29399E}.Debug|Any CPU.ActiveCfg = Debug|Any CPU
		{FC799924-1D20-4238-B090-ADC30E29399E}.Debug|Any CPU.Build.0 = Debug|Any CPU
		{FC799924-1D20-4238-B090-ADC30E29399E}.Release|Any CPU.ActiveCfg = Release|Any CPU
		{FC799924-1D20-4238-B090-ADC30E29399E}.Release|Any CPU.Build.0 = Release|Any CPU
	EndGlobalSection
	GlobalSection(SolutionProperties) = preSolution
		HideSolutionNode = FALSE
	EndGlobalSection
EndGlobal
