
Microsoft Visual Studio Solution File, Format Version 12.00
# Visual Studio 14
VisualStudioVersion = 14.0.25420.1
MinimumVisualStudioVersion = 10.0.40219.1
Project("{FAE04EC0-301F-11D3-BF4B-00C04F79EFBC}") = "CapaVista", "Pastor_Ignacio_DellStore2WPF\CapaVista.csproj", "{5411BC81-9AA1-4B10-A3C8-DD8C0AEA07A6}"
EndProject
Project("{FAE04EC0-301F-11D3-BF4B-00C04F79EFBC}") = "CapaModelo", "CapaModelo\CapaModelo.csproj", "{9AD98456-B1E6-4FD5-B5D1-C41AD1F25969}"
EndProject
Project("{FAE04EC0-301F-11D3-BF4B-00C04F79EFBC}") = "CapaControlador", "CapaControlador\CapaControlador.csproj", "{3D63ED89-412F-40D7-BB9E-5C46BD622F3C}"
EndProject
Global
	GlobalSection(SolutionConfigurationPlatforms) = preSolution
		Debug|Any CPU = Debug|Any CPU
		Release|Any CPU = Release|Any CPU
	EndGlobalSection
	GlobalSection(ProjectConfigurationPlatforms) = postSolution
		{5411BC81-9AA1-4B10-A3C8-DD8C0AEA07A6}.Debug|Any CPU.ActiveCfg = Debug|Any CPU
		{5411BC81-9AA1-4B10-A3C8-DD8C0AEA07A6}.Debug|Any CPU.Build.0 = Debug|Any CPU
		{5411BC81-9AA1-4B10-A3C8-DD8C0AEA07A6}.Release|Any CPU.ActiveCfg = Release|Any CPU
		{5411BC81-9AA1-4B10-A3C8-DD8C0AEA07A6}.Release|Any CPU.Build.0 = Release|Any CPU
		{9AD98456-B1E6-4FD5-B5D1-C41AD1F25969}.Debug|Any CPU.ActiveCfg = Debug|Any CPU
		{9AD98456-B1E6-4FD5-B5D1-C41AD1F25969}.Debug|Any CPU.Build.0 = Debug|Any CPU
		{9AD98456-B1E6-4FD5-B5D1-C41AD1F25969}.Release|Any CPU.ActiveCfg = Release|Any CPU
		{9AD98456-B1E6-4FD5-B5D1-C41AD1F25969}.Release|Any CPU.Build.0 = Release|Any CPU
		{3D63ED89-412F-40D7-BB9E-5C46BD622F3C}.Debug|Any CPU.ActiveCfg = Debug|Any CPU
		{3D63ED89-412F-40D7-BB9E-5C46BD622F3C}.Debug|Any CPU.Build.0 = Debug|Any CPU
		{3D63ED89-412F-40D7-BB9E-5C46BD622F3C}.Release|Any CPU.ActiveCfg = Release|Any CPU
		{3D63ED89-412F-40D7-BB9E-5C46BD622F3C}.Release|Any CPU.Build.0 = Release|Any CPU
	EndGlobalSection
	GlobalSection(SolutionProperties) = preSolution
		HideSolutionNode = FALSE
	EndGlobalSection
EndGlobal
